
Microsoft Visual Studio Solution File, Format Version 12.00
# Visual Studio Version 16
VisualStudioVersion = 16.0.29418.71
MinimumVisualStudioVersion = 10.0.40219.1
Project("{FAE04EC0-301F-11D3-BF4B-00C04F79EFBC}") = "Encryption", "Encryption.csproj", "{540B8E72-552F-4958-9E77-D8B34766EB7D}"
EndProject
Global
	GlobalSection(SolutionConfigurationPlatforms) = preSolution
		Debug|Any CPU = Debug|Any CPU
		Release|Any CPU = Release|Any CPU
	EndGlobalSection
	GlobalSection(ProjectConfigurationPlatforms) = postSolution
		{540B8E72-552F-4958-9E77-D8B34766EB7D}.Debug|Any CPU.ActiveCfg = Debug|Any CPU
		{540B8E72-552F-4958-9E77-D8B34766EB7D}.Debug|Any CPU.Build.0 = Debug|Any CPU
		{540B8E72-552F-4958-9E77-D8B34766EB7D}.Release|Any CPU.ActiveCfg = Release|Any CPU
		{540B8E72-552F-4958-9E77-D8B34766EB7D}.Release|Any CPU.Build.0 = Release|Any CPU
	EndGlobalSection
	GlobalSection(SolutionProperties) = preSolution
		HideSolutionNode = FALSE
	EndGlobalSection
	GlobalSection(ExtensibilityGlobals) = postSolution
		SolutionGuid = {6CB4DA1B-3B5D-4AFB-98F4-C2F858AC0B54}
	EndGlobalSection
EndGlobal
